
Microsoft Visual Studio Solution File, Format Version 12.00
# Visual Studio 15
VisualStudioVersion = 15.0.26124.0
MinimumVisualStudioVersion = 15.0.26124.0
Project("{2150E333-8FDC-42A3-9474-1A3956D46DE8}") = "src", "src", "{719F5692-6F0E-46BA-B4E3-3D04DD2FC379}"
EndProject
Project("{FAE04EC0-301F-11D3-BF4B-00C04F79EFBC}") = "GradeBook", "src\GradeBook\GradeBook.csproj", "{145870D5-9A13-4C3F-A540-6C497C714C23}"
EndProject
Project("{2150E333-8FDC-42A3-9474-1A3956D46DE8}") = "test", "test", "{767BA5F7-369A-4CEF-8D88-9C5CE1DDFC95}"
EndProject
Project("{FAE04EC0-301F-11D3-BF4B-00C04F79EFBC}") = "GradeBook.Tests", "test\GradeBook.Tests\GradeBook.Tests.csproj", "{34B0D90A-B14A-4435-A2ED-483CDD24B739}"
EndProject
Global
	GlobalSection(SolutionConfigurationPlatforms) = preSolution
		Debug|Any CPU = Debug|Any CPU
		Debug|x64 = Debug|x64
		Debug|x86 = Debug|x86
		Release|Any CPU = Release|Any CPU
		Release|x64 = Release|x64
		Release|x86 = Release|x86
	EndGlobalSection
	GlobalSection(SolutionProperties) = preSolution
		HideSolutionNode = FALSE
	EndGlobalSection
	GlobalSection(ProjectConfigurationPlatforms) = postSolution
		{145870D5-9A13-4C3F-A540-6C497C714C23}.Debug|Any CPU.ActiveCfg = Debug|Any CPU
		{145870D5-9A13-4C3F-A540-6C497C714C23}.Debug|Any CPU.Build.0 = Debug|Any CPU
		{145870D5-9A13-4C3F-A540-6C497C714C23}.Debug|x64.ActiveCfg = Debug|Any CPU
		{145870D5-9A13-4C3F-A540-6C497C714C23}.Debug|x64.Build.0 = Debug|Any CPU
		{145870D5-9A13-4C3F-A540-6C497C714C23}.Debug|x86.ActiveCfg = Debug|Any CPU
		{145870D5-9A13-4C3F-A540-6C497C714C23}.Debug|x86.Build.0 = Debug|Any CPU
		{145870D5-9A13-4C3F-A540-6C497C714C23}.Release|Any CPU.ActiveCfg = Release|Any CPU
		{145870D5-9A13-4C3F-A540-6C497C714C23}.Release|Any CPU.Build.0 = Release|Any CPU
		{145870D5-9A13-4C3F-A540-6C497C714C23}.Release|x64.ActiveCfg = Release|Any CPU
		{145870D5-9A13-4C3F-A540-6C497C714C23}.Release|x64.Build.0 = Release|Any CPU
		{145870D5-9A13-4C3F-A540-6C497C714C23}.Release|x86.ActiveCfg = Release|Any CPU
		{145870D5-9A13-4C3F-A540-6C497C714C23}.Release|x86.Build.0 = Release|Any CPU
		{34B0D90A-B14A-4435-A2ED-483CDD24B739}.Debug|Any CPU.ActiveCfg = Debug|Any CPU
		{34B0D90A-B14A-4435-A2ED-483CDD24B739}.Debug|Any CPU.Build.0 = Debug|Any CPU
		{34B0D90A-B14A-4435-A2ED-483CDD24B739}.Debug|x64.ActiveCfg = Debug|Any CPU
		{34B0D90A-B14A-4435-A2ED-483CDD24B739}.Debug|x64.Build.0 = Debug|Any CPU
		{34B0D90A-B14A-4435-A2ED-483CDD24B739}.Debug|x86.ActiveCfg = Debug|Any CPU
		{34B0D90A-B14A-4435-A2ED-483CDD24B739}.Debug|x86.Build.0 = Debug|Any CPU
		{34B0D90A-B14A-4435-A2ED-483CDD24B739}.Release|Any CPU.ActiveCfg = Release|Any CPU
		{34B0D90A-B14A-4435-A2ED-483CDD24B739}.Release|Any CPU.Build.0 = Release|Any CPU
		{34B0D90A-B14A-4435-A2ED-483CDD24B739}.Release|x64.ActiveCfg = Release|Any CPU
		{34B0D90A-B14A-4435-A2ED-483CDD24B739}.Release|x64.Build.0 = Release|Any CPU
		{34B0D90A-B14A-4435-A2ED-483CDD24B739}.Release|x86.ActiveCfg = Release|Any CPU
		{34B0D90A-B14A-4435-A2ED-483CDD24B739}.Release|x86.Build.0 = Release|Any CPU
	EndGlobalSection
	GlobalSection(NestedProjects) = preSolution
		{145870D5-9A13-4C3F-A540-6C497C714C23} = {719F5692-6F0E-46BA-B4E3-3D04DD2FC379}
		{34B0D90A-B14A-4435-A2ED-483CDD24B739} = {767BA5F7-369A-4CEF-8D88-9C5CE1DDFC95}
	EndGlobalSection
EndGlobal
